
Microsoft Visual Studio Solution File, Format Version 12.00
# Visual Studio Version 17
VisualStudioVersion = 17.2.32630.192
MinimumVisualStudioVersion = 10.0.40219.1
Project("{9A19103F-16F7-4668-BE54-9A1E7A4F7556}") = "NoteAppUI", "NoteAppUI\NoteAppUI.csproj", "{C20B94C2-C05A-4E50-9685-71004C8DA471}"
EndProject
Project("{FAE04EC0-301F-11D3-BF4B-00C04F79EFBC}") = "NoteAppCore", "Note\NoteAppCore.csproj", "{A8CB219B-EA4D-4786-AEA3-93482971D77A}"
EndProject
Project("{FAE04EC0-301F-11D3-BF4B-00C04F79EFBC}") = "NoteAppTest", "NoteAppTest\NoteAppTest.csproj", "{54D17206-87B8-40F4-8EC2-D410CF2368BB}"
EndProject
Global
	GlobalSection(SolutionConfigurationPlatforms) = preSolution
		Debug|Any CPU = Debug|Any CPU
		Release|Any CPU = Release|Any CPU
	EndGlobalSection
	GlobalSection(ProjectConfigurationPlatforms) = postSolution
		{C20B94C2-C05A-4E50-9685-71004C8DA471}.Debug|Any CPU.ActiveCfg = Debug|Any CPU
		{C20B94C2-C05A-4E50-9685-71004C8DA471}.Debug|Any CPU.Build.0 = Debug|Any CPU
		{C20B94C2-C05A-4E50-9685-71004C8DA471}.Release|Any CPU.ActiveCfg = Release|Any CPU
		{C20B94C2-C05A-4E50-9685-71004C8DA471}.Release|Any CPU.Build.0 = Release|Any CPU
		{A8CB219B-EA4D-4786-AEA3-93482971D77A}.Debug|Any CPU.ActiveCfg = Debug|Any CPU
		{A8CB219B-EA4D-4786-AEA3-93482971D77A}.Debug|Any CPU.Build.0 = Debug|Any CPU
		{A8CB219B-EA4D-4786-AEA3-93482971D77A}.Release|Any CPU.ActiveCfg = Release|Any CPU
		{A8CB219B-EA4D-4786-AEA3-93482971D77A}.Release|Any CPU.Build.0 = Release|Any CPU
		{54D17206-87B8-40F4-8EC2-D410CF2368BB}.Debug|Any CPU.ActiveCfg = Debug|Any CPU
		{54D17206-87B8-40F4-8EC2-D410CF2368BB}.Debug|Any CPU.Build.0 = Debug|Any CPU
		{54D17206-87B8-40F4-8EC2-D410CF2368BB}.Release|Any CPU.ActiveCfg = Release|Any CPU
		{54D17206-87B8-40F4-8EC2-D410CF2368BB}.Release|Any CPU.Build.0 = Release|Any CPU
	EndGlobalSection
	GlobalSection(SolutionProperties) = preSolution
		HideSolutionNode = FALSE
	EndGlobalSection
	GlobalSection(ExtensibilityGlobals) = postSolution
		SolutionGuid = {8B477AF0-FC2C-4993-8B48-E77952E8DE55}
	EndGlobalSection
EndGlobal
